
Microsoft Visual Studio Solution File, Format Version 12.00
# Visual Studio Version 17
VisualStudioVersion = 17.10.35027.167
MinimumVisualStudioVersion = 10.0.40219.1
Project("{FAE04EC0-301F-11D3-BF4B-00C04F79EFBC}") = "repozit", "repozit\repozit.csproj", "{F2A4E270-7B12-411A-BF39-723CC31EC32D}"
EndProject
Global
	GlobalSection(SolutionConfigurationPlatforms) = preSolution
		Debug|Any CPU = Debug|Any CPU
		Release|Any CPU = Release|Any CPU
	EndGlobalSection
	GlobalSection(ProjectConfigurationPlatforms) = postSolution
		{F2A4E270-7B12-411A-BF39-723CC31EC32D}.Debug|Any CPU.ActiveCfg = Debug|Any CPU
		{F2A4E270-7B12-411A-BF39-723CC31EC32D}.Debug|Any CPU.Build.0 = Debug|Any CPU
		{F2A4E270-7B12-411A-BF39-723CC31EC32D}.Release|Any CPU.ActiveCfg = Release|Any CPU
		{F2A4E270-7B12-411A-BF39-723CC31EC32D}.Release|Any CPU.Build.0 = Release|Any CPU
	EndGlobalSection
	GlobalSection(SolutionProperties) = preSolution
		HideSolutionNode = FALSE
	EndGlobalSection
	GlobalSection(ExtensibilityGlobals) = postSolution
		SolutionGuid = {A27DE2F4-96D2-4704-807E-3430716F31B4}
	EndGlobalSection
EndGlobal
